{
    "name": "SuiteScript Project",
    "lockfileVersion": 3,
    "requires": true,
    "packages": {
        "": {
            "devDependencies": {
                "@hitc/netsuite-types": "2023.2.2"
            }
        },
        "node_modules/@hitc/netsuite-types": {
            "version": "2023.2.2",
            "resolved": "https://registry.npmjs.org/@hitc/netsuite-types/-/netsuite-types-2023.2.2.tgz",
            "integrity": "sha512-xJqN61+wQM3SUySBYobkIr3VQZjyrwzxuHyXRDUz3liWZ4tPpiymkziZ90IJtZiVZ7FDQ5cO1xF89Di0YKH8VA==",
            "dev": true
        }
    }
}
